// !$*UTF8*$!
{
	archiveVersion = 1;
	classes = {
	};
	objectVersion = 48;
	objects = {

/* Begin PBXBuildFile section */
		2C38C4CB20F107E700FA5462 /* AppDelegate.swift in Sources */ = {isa = PBXBuildFile; fileRef = 2C38C4CA20F107E700FA5462 /* AppDelegate.swift */; };
		2C38C4CD20F107E700FA5462 /* ViewController.swift in Sources */ = {isa = PBXBuildFile; fileRef = 2C38C4CC20F107E700FA5462 /* ViewController.swift */; };
		2C38C4D020F107E700FA5462 /* Main.storyboard in Resources */ = {isa = PBXBuildFile; fileRef = 2C38C4CE20F107E700FA5462 /* Main.storyboard */; };
		2C38C4D220F107E700FA5462 /* Assets.xcassets in Resources */ = {isa = PBXBuildFile; fileRef = 2C38C4D120F107E700FA5462 /* Assets.xcassets */; };
		2C38C4D520F107E700FA5462 /* LaunchScreen.storyboard in Resources */ = {isa = PBXBuildFile; fileRef = 2C38C4D320F107E700FA5462 /* LaunchScreen.storyboard */; };
		2C38C4E020F107E700FA5462 /* CloudMusicTests.swift in Sources */ = {isa = PBXBuildFile; fileRef = 2C38C4DF20F107E700FA5462 /* CloudMusicTests.swift */; };
		2C38C4EB20F107E700FA5462 /* CloudMusicUITests.swift in Sources */ = {isa = PBXBuildFile; fileRef = 2C38C4EA20F107E700FA5462 /* CloudMusicUITests.swift */; };
/* End PBXBuildFile section */

/* Begin PBXContainerItemProxy section */
		2C38C4DC20F107E700FA5462 /* PBXContainerItemProxy */ = {
			isa = PBXContainerItemProxy;
			containerPortal = 2C38C4BF20F107E700FA5462 /* Project object */;
			proxyType = 1;
			remoteGlobalIDString = 2C38C4C620F107E700FA5462;
			remoteInfo = CloudMusic;
		};
		2C38C4E720F107E700FA5462 /* PBXContainerItemProxy */ = {
			isa = PBXContainerItemProxy;
			containerPortal = 2C38C4BF20F107E700FA5462 /* Project object */;
			proxyType = 1;
			remoteGlobalIDString = 2C38C4C620F107E700FA5462;
			remoteInfo = CloudMusic;
		};
/* End PBXContainerItemProxy section */

/* Begin PBXFileReference section */
		2C38C4C720F107E700FA5462 /* CloudMusic.app */ = {isa = PBXFileReference; explicitFileType = wrapper.application; includeInIndex = 0; path = CloudMusic.app; sourceTree = BUILT_PRODUCTS_DIR; };
		2C38C4CA20F107E700FA5462 /* AppDelegate.swift */ = {isa = PBXFileReference; lastKnownFileType = sourcecode.swift; path = AppDelegate.swift; sourceTree = "<group>"; };
		2C38C4CC20F107E700FA5462 /* ViewController.swift */ = {isa = PBXFileReference; lastKnownFileType = sourcecode.swift; path = ViewController.swift; sourceTree = "<group>"; };
		2C38C4CF20F107E700FA5462 /* Base */ = {isa = PBXFileReference; lastKnownFileType = file.storyboard; name = Base; path = Base.lproj/Main.storyboard; sourceTree = "<group>"; };
		2C38C4D120F107E700FA5462 /* Assets.xcassets */ = {isa = PBXFileReference; lastKnownFileType = folder.assetcatalog; path = Assets.xcassets; sourceTree = "<group>"; };
		2C38C4D420F107E700FA5462 /* Base */ = {isa = PBXFileReference; lastKnownFileType = file.storyboard; name = Base; path = Base.lproj/LaunchScreen.storyboard; sourceTree = "<group>"; };
		2C38C4D620F107E700FA5462 /* Info.plist */ = {isa = PBXFileReference; lastKnownFileType = text.plist.xml; path = Info.plist; sourceTree = "<group>"; };
		2C38C4DB20F107E700FA5462 /* CloudMusicTests.xctest */ = {isa = PBXFileReference; explicitFileType = wrapper.cfbundle; includeInIndex = 0; path = CloudMusicTests.xctest; sourceTree = BUILT_PRODUCTS_DIR; };
		2C38C4DF20F107E700FA5462 /* CloudMusicTests.swift */ = {isa = PBXFileReference; lastKnownFileType = sourcecode.swift; path = CloudMusicTests.swift; sourceTree = "<group>"; };
		2C38C4E120F107E700FA5462 /* Info.plist */ = {isa = PBXFileReference; lastKnownFileType = text.plist.xml; path = Info.plist; sourceTree = "<group>"; };
		2C38C4E620F107E700FA5462 /* CloudMusicUITests.xctest */ = {isa = PBXFileReference; explicitFileType = wrapper.cfbundle; includeInIndex = 0; path = CloudMusicUITests.xctest; sourceTree = BUILT_PRODUCTS_DIR; };
		2C38C4EA20F107E700FA5462 /* CloudMusicUITests.swift */ = {isa = PBXFileReference; lastKnownFileType = sourcecode.swift; path = CloudMusicUITests.swift; sourceTree = "<group>"; };
		2C38C4EC20F107E700FA5462 /* Info.plist */ = {isa = PBXFileReference; lastKnownFileType = text.plist.xml; path = Info.plist; sourceTree = "<group>"; };
/* End PBXFileReference section */

/* Begin PBXFrameworksBuildPhase section */
		2C38C4C420F107E700FA5462 /* Frameworks */ = {
			isa = PBXFrameworksBuildPhase;
			buildActionMask = 2147483647;
			files = (
			);
			runOnlyForDeploymentPostprocessing = 0;
		};
		2C38C4D820F107E700FA5462 /* Frameworks */ = {
			isa = PBXFrameworksBuildPhase;
			buildActionMask = 2147483647;
			files = (
			);
			runOnlyForDeploymentPostprocessing = 0;
		};
		2C38C4E320F107E700FA5462 /* Frameworks */ = {
			isa = PBXFrameworksBuildPhase;
			buildActionMask = 2147483647;
			files = (
			);
			runOnlyForDeploymentPostprocessing = 0;
		};
/* End PBXFrameworksBuildPhase section */

/* Begin PBXGroup section */
		2C38C4BE20F107E700FA5462 = {
			isa = PBXGroup;
			children = (
				2C38C4C920F107E700FA5462 /* CloudMusic */,
				2C38C4DE20F107E700FA5462 /* CloudMusicTests */,
				2C38C4E920F107E700FA5462 /* CloudMusicUITests */,
				2C38C4C820F107E700FA5462 /* Products */,
			);
			sourceTree = "<group>";
		};
		2C38C4C820F107E700FA5462 /* Products */ = {
			isa = PBXGroup;
			children = (
				2C38C4C720F107E700FA5462 /* CloudMusic.app */,
				2C38C4DB20F107E700FA5462 /* CloudMusicTests.xctest */,
				2C38C4E620F107E700FA5462 /* CloudMusicUITests.xctest */,
			);
			name = Products;
			sourceTree = "<group>";
		};
		2C38C4C920F107E700FA5462 /* CloudMusic */ = {
			isa = PBXGroup;
			children = (
				2C38C4CA20F107E700FA5462 /* AppDelegate.swift */,
				2C38C4CC20F107E700FA5462 /* ViewController.swift */,
				2C38C4CE20F107E700FA5462 /* Main.storyboard */,
				2C38C4D120F107E700FA5462 /* Assets.xcassets */,
				2C38C4D320F107E700FA5462 /* LaunchScreen.storyboard */,
				2C38C4D620F107E700FA5462 /* Info.plist */,
			);
			path = CloudMusic;
			sourceTree = "<group>";
		};
		2C38C4DE20F107E700FA5462 /* CloudMusicTests */ = {
			isa = PBXGroup;
			children = (
				2C38C4DF20F107E700FA5462 /* CloudMusicTests.swift */,
				2C38C4E120F107E700FA5462 /* Info.plist */,
			);
			path = CloudMusicTests;
			sourceTree = "<group>";
		};
		2C38C4E920F107E700FA5462 /* CloudMusicUITests */ = {
			isa = PBXGroup;
			children = (
				2C38C4EA20F107E700FA5462 /* CloudMusicUITests.swift */,
				2C38C4EC20F107E700FA5462 /* Info.plist */,
			);
			path = CloudMusicUITests;
			sourceTree = "<group>";
		};
/* End PBXGroup section */

/* Begin PBXNativeTarget section */
		2C38C4C620F107E700FA5462 /* CloudMusic */ = {
			isa = PBXNativeTarget;
			buildConfigurationList = 2C38C4EF20F107E700FA5462 /* Build configuration list for PBXNativeTarget "CloudMusic" */;
			buildPhases = (
				2C38C4C320F107E700FA5462 /* Sources */,
				2C38C4C420F107E700FA5462 /* Frameworks */,
				2C38C4C520F107E700FA5462 /* Resources */,
			);
			buildRules = (
			);
			dependencies = (
			);
			name = CloudMusic;
			productName = CloudMusic;
			productReference = 2C38C4C720F107E700FA5462 /* CloudMusic.app */;
			productType = "com.apple.product-type.application";
		};
		2C38C4DA20F107E700FA5462 /* CloudMusicTests */ = {
			isa = PBXNativeTarget;
			buildConfigurationList = 2C38C4F220F107E700FA5462 /* Build configuration list for PBXNativeTarget "CloudMusicTests" */;
			buildPhases = (
				2C38C4D720F107E700FA5462 /* Sources */,
				2C38C4D820F107E700FA5462 /* Frameworks */,
				2C38C4D920F107E700FA5462 /* Resources */,
			);
			buildRules = (
			);
			dependencies = (
				2C38C4DD20F107E700FA5462 /* PBXTargetDependency */,
			);
			name = CloudMusicTests;
			productName = CloudMusicTests;
			productReference = 2C38C4DB20F107E700FA5462 /* CloudMusicTests.xctest */;
			productType = "com.apple.product-type.bundle.unit-test";
		};
		2C38C4E520F107E700FA5462 /* CloudMusicUITests */ = {
			isa = PBXNativeTarget;
			buildConfigurationList = 2C38C4F520F107E700FA5462 /* Build configuration list for PBXNativeTarget "CloudMusicUITests" */;
			buildPhases = (
				2C38C4E220F107E700FA5462 /* Sources */,
				2C38C4E320F107E700FA5462 /* Frameworks */,
				2C38C4E420F107E700FA5462 /* Resources */,
			);
			buildRules = (
			);
			dependencies = (
				2C38C4E820F107E700FA5462 /* PBXTargetDependency */,
			);
			name = CloudMusicUITests;
			productName = CloudMusicUITests;
			productReference = 2C38C4E620F107E700FA5462 /* CloudMusicUITests.xctest */;
			productType = "com.apple.product-type.bundle.ui-testing";
		};
/* End PBXNativeTarget section */

/* Begin PBXProject section */
		2C38C4BF20F107E700FA5462 /* Project object */ = {
			isa = PBXProject;
			attributes = {
				LastSwiftUpdateCheck = 0920;
				LastUpgradeCheck = 0920;
				ORGANIZATIONNAME = "Young An";
				TargetAttributes = {
					2C38C4C620F107E700FA5462 = {
						CreatedOnToolsVersion = 9.2;
						ProvisioningStyle = Automatic;
					};
					2C38C4DA20F107E700FA5462 = {
						CreatedOnToolsVersion = 9.2;
						ProvisioningStyle = Automatic;
						TestTargetID = 2C38C4C620F107E700FA5462;
					};
					2C38C4E520F107E700FA5462 = {
						CreatedOnToolsVersion = 9.2;
						ProvisioningStyle = Automatic;
						TestTargetID = 2C38C4C620F107E700FA5462;
					};
				};
			};
			buildConfigurationList = 2C38C4C220F107E700FA5462 /* Build configuration list for PBXProject "CloudMusic" */;
			compatibilityVersion = "Xcode 8.0";
			developmentRegion = en;
			hasScannedForEncodings = 0;
			knownRegions = (
				en,
				Base,
			);
			mainGroup = 2C38C4BE20F107E700FA5462;
			productRefGroup = 2C38C4C820F107E700FA5462 /* Products */;
			projectDirPath = "";
			projectRoot = "";
			targets = (
				2C38C4C620F107E700FA5462 /* CloudMusic */,
				2C38C4DA20F107E700FA5462 /* CloudMusicTests */,
				2C38C4E520F107E700FA5462 /* CloudMusicUITests */,
			);
		};
/* End PBXProject section */

/* Begin PBXResourcesBuildPhase section */
		2C38C4C520F107E700FA5462 /* Resources */ = {
			isa = PBXResourcesBuildPhase;
			buildActionMask = 2147483647;
			files = (
				2C38C4D520F107E700FA5462 /* LaunchScreen.storyboard in Resources */,
				2C38C4D220F107E700FA5462 /* Assets.xcassets in Resources */,
				2C38C4D020F107E700FA5462 /* Main.storyboard in Resources */,
			);
			runOnlyForDeploymentPostprocessing = 0;
		};
		2C38C4D920F107E700FA5462 /* Resources */ = {
			isa = PBXResourcesBuildPhase;
			buildActionMask = 2147483647;
			files = (
			);
			runOnlyForDeploymentPostprocessing = 0;
		};
		2C38C4E420F107E700FA5462 /* Resources */ = {
			isa = PBXResourcesBuildPhase;
			buildActionMask = 2147483647;
			files = (
			);
			runOnlyForDeploymentPostprocessing = 0;
		};
/* End PBXResourcesBuildPhase section */

/* Begin PBXSourcesBuildPhase section */
		2C38C4C320F107E700FA5462 /* Sources */ = {
			isa = PBXSourcesBuildPhase;
			buildActionMask = 2147483647;
			files = (
				2C38C4CD20F107E700FA5462 /* ViewController.swift in Sources */,
				2C38C4CB20F107E700FA5462 /* AppDelegate.swift in Sources */,
			);
			runOnlyForDeploymentPostprocessing = 0;
		};
		2C38C4D720F107E700FA5462 /* Sources */ = {
			isa = PBXSourcesBuildPhase;
			buildActionMask = 2147483647;
			files = (
				2C38C4E020F107E700FA5462 /* CloudMusicTests.swift in Sources */,
			);
			runOnlyForDeploymentPostprocessing = 0;
		};
		2C38C4E220F107E700FA5462 /* Sources */ = {
			isa = PBXSourcesBuildPhase;
			buildActionMask = 2147483647;
			files = (
				2C38C4EB20F107E700FA5462 /* CloudMusicUITests.swift in Sources */,
			);
			runOnlyForDeploymentPostprocessing = 0;
		};
/* End PBXSourcesBuildPhase section */

/* Begin PBXTargetDependency section */
		2C38C4DD20F107E700FA5462 /* PBXTargetDependency */ = {
			isa = PBXTargetDependency;
			target = 2C38C4C620F107E700FA5462 /* CloudMusic */;
			targetProxy = 2C38C4DC20F107E700FA5462 /* PBXContainerItemProxy */;
		};
		2C38C4E820F107E700FA5462 /* PBXTargetDependency */ = {
			isa = PBXTargetDependency;
			target = 2C38C4C620F107E700FA5462 /* CloudMusic */;
			targetProxy = 2C38C4E720F107E700FA5462 /* PBXContainerItemProxy */;
		};
/* End PBXTargetDependency section */

/* Begin PBXVariantGroup section */
		2C38C4CE20F107E700FA5462 /* Main.storyboard */ = {
			isa = PBXVariantGroup;
			children = (
				2C38C4CF20F107E700FA5462 /* Base */,
			);
			name = Main.storyboard;
			sourceTree = "<group>";
		};
		2C38C4D320F107E700FA5462 /* LaunchScreen.storyboard */ = {
			isa = PBXVariantGroup;
			children = (
				2C38C4D420F107E700FA5462 /* Base */,
			);
			name = LaunchScreen.storyboard;
			sourceTree = "<group>";
		};
/* End PBXVariantGroup section */

/* Begin XCBuildConfiguration section */
		2C38C4ED20F107E700FA5462 /* Debug */ = {
			isa = XCBuildConfiguration;
			buildSettings = {
				ALWAYS_SEARCH_USER_PATHS = NO;
				CLANG_ANALYZER_NONNULL = YES;
				CLANG_ANALYZER_NUMBER_OBJECT_CONVERSION = YES_AGGRESSIVE;
				CLANG_CXX_LANGUAGE_STANDARD = "gnu++14";
				CLANG_CXX_LIBRARY = "libc++";
				CLANG_ENABLE_MODULES = YES;
				CLANG_ENABLE_OBJC_ARC = YES;
				CLANG_WARN_BLOCK_CAPTURE_AUTORELEASING = YES;
				CLANG_WARN_BOOL_CONVERSION = YES;
				CLANG_WARN_COMMA = YES;
				CLANG_WARN_CONSTANT_CONVERSION = YES;
				CLANG_WARN_DIRECT_OBJC_ISA_USAGE = YES_ERROR;
				CLANG_WARN_DOCUMENTATION_COMMENTS = YES;
				CLANG_WARN_EMPTY_BODY = YES;
				CLANG_WARN_ENUM_CONVERSION = YES;
				CLANG_WARN_INFINITE_RECURSION = YES;
				CLANG_WARN_INT_CONVERSION = YES;
				CLANG_WARN_NON_LITERAL_NULL_CONVERSION = YES;
				CLANG_WARN_OBJC_LITERAL_CONVERSION = YES;
				CLANG_WARN_OBJC_ROOT_CLASS = YES_ERROR;
				CLANG_WARN_RANGE_LOOP_ANALYSIS = YES;
				CLANG_WARN_STRICT_PROTOTYPES = YES;
				CLANG_WARN_SUSPICIOUS_MOVE = YES;
				CLANG_WARN_UNGUARDED_AVAILABILITY = YES_AGGRESSIVE;
				CLANG_WARN_UNREACHABLE_CODE = YES;
				CLANG_WARN__DUPLICATE_METHOD_MATCH = YES;
				CODE_SIGN_IDENTITY = "iPhone Developer";
				COPY_PHASE_STRIP = NO;
				DEBUG_INFORMATION_FORMAT = dwarf;
				ENABLE_STRICT_OBJC_MSGSEND = YES;
				ENABLE_TESTABILITY = YES;
				GCC_C_LANGUAGE_STANDARD = gnu11;
				GCC_DYNAMIC_NO_PIC = NO;
				GCC_NO_COMMON_BLOCKS = YES;
				GCC_OPTIMIZATION_LEVEL = 0;
				GCC_PREPROCESSOR_DEFINITIONS = (
					"DEBUG=1",
					"$(inherited)",
				);
				GCC_WARN_64_TO_32_BIT_CONVERSION = YES;
				GCC_WARN_ABOUT_RETURN_TYPE = YES_ERROR;
				GCC_WARN_UNDECLARED_SELECTOR = YES;
				GCC_WARN_UNINITIALIZED_AUTOS = YES_AGGRESSIVE;
				GCC_WARN_UNUSED_FUNCTION = YES;
				GCC_WARN_UNUSED_VARIABLE = YES;
				IPHONEOS_DEPLOYMENT_TARGET = 11.2;
				MTL_ENABLE_DEBUG_INFO = YES;
				ONLY_ACTIVE_ARCH = YES;
				SDKROOT = iphoneos;
				SWIFT_ACTIVE_COMPILATION_CONDITIONS = DEBUG;
				SWIFT_OPTIMIZATION_LEVEL = "-Onone";
			};
			name = Debug;
		};
		2C38C4EE20F107E700FA5462 /* Release */ = {
			isa = XCBuildConfiguration;
			buildSettings = {
				ALWAYS_SEARCH_USER_PATHS = NO;
				CLANG_ANALYZER_NONNULL = YES;
				CLANG_ANALYZER_NUMBER_OBJECT_CONVERSION = YES_AGGRESSIVE;
				CLANG_CXX_LANGUAGE_STANDARD = "gnu++14";
				CLANG_CXX_LIBRARY = "libc++";
				CLANG_ENABLE_MODULES = YES;
				CLANG_ENABLE_OBJC_ARC = YES;
				CLANG_WARN_BLOCK_CAPTURE_AUTORELEASING = YES;
				CLANG_WARN_BOOL_CONVERSION = YES;
				CLANG_WARN_COMMA = YES;
				CLANG_WARN_CONSTANT_CONVERSION = YES;
				CLANG_WARN_DIRECT_OBJC_ISA_USAGE = YES_ERROR;
				CLANG_WARN_DOCUMENTATION_COMMENTS = YES;
				CLANG_WARN_EMPTY_BODY = YES;
				CLANG_WARN_ENUM_CONVERSION = YES;
				CLANG_WARN_INFINITE_RECURSION = YES;
				CLANG_WARN_INT_CONVERSION = YES;
				CLANG_WARN_NON_LITERAL_NULL_CONVERSION = YES;
				CLANG_WARN_OBJC_LITERAL_CONVERSION = YES;
				CLANG_WARN_OBJC_ROOT_CLASS = YES_ERROR;
				CLANG_WARN_RANGE_LOOP_ANALYSIS = YES;
				CLANG_WARN_STRICT_PROTOTYPES = YES;
				CLANG_WARN_SUSPICIOUS_MOVE = YES;
				CLANG_WARN_UNGUARDED_AVAILABILITY = YES_AGGRESSIVE;
				CLANG_WARN_UNREACHABLE_CODE = YES;
				CLANG_WARN__DUPLICATE_METHOD_MATCH = YES;
				CODE_SIGN_IDENTITY = "iPhone Developer";
				COPY_PHASE_STRIP = NO;
				DEBUG_INFORMATION_FORMAT = "dwarf-with-dsym";
				ENABLE_NS_ASSERTIONS = NO;
				ENABLE_STRICT_OBJC_MSGSEND = YES;
				GCC_C_LANGUAGE_STANDARD = gnu11;
				GCC_NO_COMMON_BLOCKS = YES;
				GCC_WARN_64_TO_32_BIT_CONVERSION = YES;
				GCC_WARN_ABOUT_RETURN_TYPE = YES_ERROR;
				GCC_WARN_UNDECLARED_SELECTOR = YES;
				GCC_WARN_UNINITIALIZED_AUTOS = YES_AGGRESSIVE;
				GCC_WARN_UNUSED_FUNCTION = YES;
				GCC_WARN_UNUSED_VARIABLE = YES;
				IPHONEOS_DEPLOYMENT_TARGET = 11.2;
				MTL_ENABLE_DEBUG_INFO = NO;
				SDKROOT = iphoneos;
				SWIFT_OPTIMIZATION_LEVEL = "-Owholemodule";
				VALIDATE_PRODUCT = YES;
			};
			name = Release;
		};
		2C38C4F020F107E700FA5462 /* Debug */ = {
			isa = XCBuildConfiguration;
			buildSettings = {
				ASSETCATALOG_COMPILER_APPICON_NAME = AppIcon;
				CODE_SIGN_STYLE = Automatic;
				INFOPLIST_FILE = CloudMusic/Info.plist;
				LD_RUNPATH_SEARCH_PATHS = "$(inherited) @executable_path/Frameworks";
				PRODUCT_BUNDLE_IDENTIFIER = HAN.CloudMusic;
				PRODUCT_NAME = "$(TARGET_NAME)";
				SWIFT_VERSION = 4.0;
				TARGETED_DEVICE_FAMILY = "1,2";
			};
			name = Debug;
		};
		2C38C4F120F107E700FA5462 /* Release */ = {
			isa = XCBuildConfiguration;
			buildSettings = {
				ASSETCATALOG_COMPILER_APPICON_NAME = AppIcon;
				CODE_SIGN_STYLE = Automatic;
				INFOPLIST_FILE = CloudMusic/Info.plist;
				LD_RUNPATH_SEARCH_PATHS = "$(inherited) @executable_path/Frameworks";
				PRODUCT_BUNDLE_IDENTIFIER = HAN.CloudMusic;
				PRODUCT_NAME = "$(TARGET_NAME)";
				SWIFT_VERSION = 4.0;
				TARGETED_DEVICE_FAMILY = "1,2";
			};
			name = Release;
		};
		2C38C4F320F107E700FA5462 /* Debug */ = {
			isa = XCBuildConfiguration;
			buildSettings = {
				ALWAYS_EMBED_SWIFT_STANDARD_LIBRARIES = YES;
				BUNDLE_LOADER = "$(TEST_HOST)";
				CODE_SIGN_STYLE = Automatic;
				INFOPLIST_FILE = CloudMusicTests/Info.plist;
				LD_RUNPATH_SEARCH_PATHS = "$(inherited) @executable_path/Frameworks @loader_path/Frameworks";
				PRODUCT_BUNDLE_IDENTIFIER = HAN.CloudMusicTests;
				PRODUCT_NAME = "$(TARGET_NAME)";
				SWIFT_VERSION = 4.0;
				TARGETED_DEVICE_FAMILY = "1,2";
				TEST_HOST = "$(BUILT_PRODUCTS_DIR)/CloudMusic.app/CloudMusic";
			};
			name = Debug;
		};
		2C38C4F420F107E700FA5462 /* Release */ = {
			isa = XCBuildConfiguration;
			buildSettings = {
				ALWAYS_EMBED_SWIFT_STANDARD_LIBRARIES = YES;
				BUNDLE_LOADER = "$(TEST_HOST)";
				CODE_SIGN_STYLE = Automatic;
				INFOPLIST_FILE = CloudMusicTests/Info.plist;
				LD_RUNPATH_SEARCH_PATHS = "$(inherited) @executable_path/Frameworks @loader_path/Frameworks";
				PRODUCT_BUNDLE_IDENTIFIER = HAN.CloudMusicTests;
				PRODUCT_NAME = "$(TARGET_NAME)";
				SWIFT_VERSION = 4.0;
				TARGETED_DEVICE_FAMILY = "1,2";
				TEST_HOST = "$(BUILT_PRODUCTS_DIR)/CloudMusic.app/CloudMusic";
			};
			name = Release;
		};
		2C38C4F620F107E700FA5462 /* Debug */ = {
			isa = XCBuildConfiguration;
			buildSettings = {
				ALWAYS_EMBED_SWIFT_STANDARD_LIBRARIES = YES;
				CODE_SIGN_STYLE = Automatic;
				INFOPLIST_FILE = CloudMusicUITests/Info.plist;
				LD_RUNPATH_SEARCH_PATHS = "$(inherited) @executable_path/Frameworks @loader_path/Frameworks";
				PRODUCT_BUNDLE_IDENTIFIER = HAN.CloudMusicUITests;
				PRODUCT_NAME = "$(TARGET_NAME)";
				SWIFT_VERSION = 4.0;
				TARGETED_DEVICE_FAMILY = "1,2";
				TEST_TARGET_NAME = CloudMusic;
			};
			name = Debug;
		};
		2C38C4F720F107E700FA5462 /* Release */ = {
			isa = XCBuildConfiguration;
			buildSettings = {
				ALWAYS_EMBED_SWIFT_STANDARD_LIBRARIES = YES;
				CODE_SIGN_STYLE = Automatic;
				INFOPLIST_FILE = CloudMusicUITests/Info.plist;
				LD_RUNPATH_SEARCH_PATHS = "$(inherited) @executable_path/Frameworks @loader_path/Frameworks";
				PRODUCT_BUNDLE_IDENTIFIER = HAN.CloudMusicUITests;
				PRODUCT_NAME = "$(TARGET_NAME)";
				SWIFT_VERSION = 4.0;
				TARGETED_DEVICE_FAMILY = "1,2";
				TEST_TARGET_NAME = CloudMusic;
			};
			name = Release;
		};
/* End XCBuildConfiguration section */

/* Begin XCConfigurationList section */
		2C38C4C220F107E700FA5462 /* Build configuration list for PBXProject "CloudMusic" */ = {
			isa = XCConfigurationList;
			buildConfigurations = (
				2C38C4ED20F107E700FA5462 /* Debug */,
				2C38C4EE20F107E700FA5462 /* Release */,
			);
			defaultConfigurationIsVisible = 0;
			defaultConfigurationName = Release;
		};
		2C38C4EF20F107E700FA5462 /* Build configuration list for PBXNativeTarget "CloudMusic" */ = {
			isa = XCConfigurationList;
			buildConfigurations = (
				2C38C4F020F107E700FA5462 /* Debug */,
				2C38C4F120F107E700FA5462 /* Release */,
			);
			defaultConfigurationIsVisible = 0;
			defaultConfigurationName = Release;
		};
		2C38C4F220F107E700FA5462 /* Build configuration list for PBXNativeTarget "CloudMusicTests" */ = {
			isa = XCConfigurationList;
			buildConfigurations = (
				2C38C4F320F107E700FA5462 /* Debug */,
				2C38C4F420F107E700FA5462 /* Release */,
			);
			defaultConfigurationIsVisible = 0;
			defaultConfigurationName = Release;
		};
		2C38C4F520F107E700FA5462 /* Build configuration list for PBXNativeTarget "CloudMusicUITests" */ = {
			isa = XCConfigurationList;
			buildConfigurations = (
				2C38C4F620F107E700FA5462 /* Debug */,
				2C38C4F720F107E700FA5462 /* Release */,
			);
			defaultConfigurationIsVisible = 0;
			defaultConfigurationName = Release;
		};
/* End XCConfigurationList section */
	};
	rootObject = 2C38C4BF20F107E700FA5462 /* Project object */;
}
